
Microsoft Visual Studio Solution File, Format Version 12.00
# Visual Studio 15
VisualStudioVersion = 15.0.28307.1300
MinimumVisualStudioVersion = 10.0.40219.1
Project("{FAE04EC0-301F-11D3-BF4B-00C04F79EFBC}") = "SistemaVendas.Web", "SistemaVendas\SistemaVendas.Web.csproj", "{91680BED-5175-413B-B0DF-EC1EA929202B}"
EndProject
Project("{FAE04EC0-301F-11D3-BF4B-00C04F79EFBC}") = "SistemaVendas.Core", "SistemaVendas.Core\SistemaVendas.Core.csproj", "{288A59D1-447B-407B-B1D3-79E7EF58478D}"
EndProject
Project("{FAE04EC0-301F-11D3-BF4B-00C04F79EFBC}") = "TesteUnitario", "TesteUnitario\TesteUnitario.csproj", "{ABD75ACF-36CF-4E9E-80E9-E2EB5F5F03AF}"
EndProject
Global
	GlobalSection(SolutionConfigurationPlatforms) = preSolution
		Debug|Any CPU = Debug|Any CPU
		Release|Any CPU = Release|Any CPU
	EndGlobalSection
	GlobalSection(ProjectConfigurationPlatforms) = postSolution
		{91680BED-5175-413B-B0DF-EC1EA929202B}.Debug|Any CPU.ActiveCfg = Debug|Any CPU
		{91680BED-5175-413B-B0DF-EC1EA929202B}.Debug|Any CPU.Build.0 = Debug|Any CPU
		{91680BED-5175-413B-B0DF-EC1EA929202B}.Release|Any CPU.ActiveCfg = Release|Any CPU
		{91680BED-5175-413B-B0DF-EC1EA929202B}.Release|Any CPU.Build.0 = Release|Any CPU
		{288A59D1-447B-407B-B1D3-79E7EF58478D}.Debug|Any CPU.ActiveCfg = Debug|Any CPU
		{288A59D1-447B-407B-B1D3-79E7EF58478D}.Debug|Any CPU.Build.0 = Debug|Any CPU
		{288A59D1-447B-407B-B1D3-79E7EF58478D}.Release|Any CPU.ActiveCfg = Release|Any CPU
		{288A59D1-447B-407B-B1D3-79E7EF58478D}.Release|Any CPU.Build.0 = Release|Any CPU
		{ABD75ACF-36CF-4E9E-80E9-E2EB5F5F03AF}.Debug|Any CPU.ActiveCfg = Debug|Any CPU
		{ABD75ACF-36CF-4E9E-80E9-E2EB5F5F03AF}.Debug|Any CPU.Build.0 = Debug|Any CPU
		{ABD75ACF-36CF-4E9E-80E9-E2EB5F5F03AF}.Release|Any CPU.ActiveCfg = Release|Any CPU
		{ABD75ACF-36CF-4E9E-80E9-E2EB5F5F03AF}.Release|Any CPU.Build.0 = Release|Any CPU
	EndGlobalSection
	GlobalSection(SolutionProperties) = preSolution
		HideSolutionNode = FALSE
	EndGlobalSection
	GlobalSection(ExtensibilityGlobals) = postSolution
		SolutionGuid = {62350716-91F0-42CB-B3DB-E950C8777FE6}
	EndGlobalSection
EndGlobal
